// !$*UTF8*$!
{
	archiveVersion = 1;
	classes = {
	};
	objectVersion = 56;
	objects = {

/* Begin PBXBuildFile section */
		3B89D86929D43549002266A7 /* TimeManager.swift in Sources */ = {isa = PBXBuildFile; fileRef = 3B89D86829D43549002266A7 /* TimeManager.swift */; };
		3B89D86B29D43574002266A7 /* CustomMovingButton.swift in Sources */ = {isa = PBXBuildFile; fileRef = 3B89D86A29D43574002266A7 /* CustomMovingButton.swift */; };
		3B89D86D29D43CF5002266A7 /* MovingButtonViewController.swift in Sources */ = {isa = PBXBuildFile; fileRef = 3B89D86C29D43CF5002266A7 /* MovingButtonViewController.swift */; };
		3B89D86F29D4432D002266A7 /* ResultViewController.swift in Sources */ = {isa = PBXBuildFile; fileRef = 3B89D86E29D4432D002266A7 /* ResultViewController.swift */; };
		3B8B843D29D425010070DA2B /* ScoreTableViewCell.swift in Sources */ = {isa = PBXBuildFile; fileRef = 3B8B843C29D425010070DA2B /* ScoreTableViewCell.swift */; };
		3BBE0FC629D4AA3B009A0F9A /* Vibur-Regular.ttf in Resources */ = {isa = PBXBuildFile; fileRef = 3BBE0FC529D4AA3B009A0F9A /* Vibur-Regular.ttf */; };
		3BD0369129D2DB6B0072BCB8 /* AppDelegate.swift in Sources */ = {isa = PBXBuildFile; fileRef = 3BD0369029D2DB6B0072BCB8 /* AppDelegate.swift */; };
		3BD0369329D2DB6B0072BCB8 /* SceneDelegate.swift in Sources */ = {isa = PBXBuildFile; fileRef = 3BD0369229D2DB6B0072BCB8 /* SceneDelegate.swift */; };
		3BD0369529D2DB6B0072BCB8 /* ScoreboardViewController.swift in Sources */ = {isa = PBXBuildFile; fileRef = 3BD0369429D2DB6B0072BCB8 /* ScoreboardViewController.swift */; };
		3BD0369829D2DB6B0072BCB8 /* Main.storyboard in Resources */ = {isa = PBXBuildFile; fileRef = 3BD0369629D2DB6B0072BCB8 /* Main.storyboard */; };
		3BD0369A29D2DB6C0072BCB8 /* Assets.xcassets in Resources */ = {isa = PBXBuildFile; fileRef = 3BD0369929D2DB6C0072BCB8 /* Assets.xcassets */; };
		3BD0369D29D2DB6C0072BCB8 /* LaunchScreen.storyboard in Resources */ = {isa = PBXBuildFile; fileRef = 3BD0369B29D2DB6C0072BCB8 /* LaunchScreen.storyboard */; };
/* End PBXBuildFile section */

/* Begin PBXFileReference section */
		3B89D86829D43549002266A7 /* TimeManager.swift */ = {isa = PBXFileReference; fileEncoding = 4; lastKnownFileType = sourcecode.swift; path = TimeManager.swift; sourceTree = "<group>"; };
		3B89D86A29D43574002266A7 /* CustomMovingButton.swift */ = {isa = PBXFileReference; fileEncoding = 4; lastKnownFileType = sourcecode.swift; path = CustomMovingButton.swift; sourceTree = "<group>"; };
		3B89D86C29D43CF5002266A7 /* MovingButtonViewController.swift */ = {isa = PBXFileReference; lastKnownFileType = sourcecode.swift; path = MovingButtonViewController.swift; sourceTree = "<group>"; };
		3B89D86E29D4432D002266A7 /* ResultViewController.swift */ = {isa = PBXFileReference; lastKnownFileType = sourcecode.swift; path = ResultViewController.swift; sourceTree = "<group>"; };
		3B8B843C29D425010070DA2B /* ScoreTableViewCell.swift */ = {isa = PBXFileReference; lastKnownFileType = sourcecode.swift; path = ScoreTableViewCell.swift; sourceTree = "<group>"; };
		3BBE0FC529D4AA3B009A0F9A /* Vibur-Regular.ttf */ = {isa = PBXFileReference; lastKnownFileType = file; path = "Vibur-Regular.ttf"; sourceTree = "<group>"; };
		3BD0368D29D2DB6B0072BCB8 /* MovingButtonExample.app */ = {isa = PBXFileReference; explicitFileType = wrapper.application; includeInIndex = 0; path = MovingButtonExample.app; sourceTree = BUILT_PRODUCTS_DIR; };
		3BD0369029D2DB6B0072BCB8 /* AppDelegate.swift */ = {isa = PBXFileReference; lastKnownFileType = sourcecode.swift; path = AppDelegate.swift; sourceTree = "<group>"; };
		3BD0369229D2DB6B0072BCB8 /* SceneDelegate.swift */ = {isa = PBXFileReference; lastKnownFileType = sourcecode.swift; path = SceneDelegate.swift; sourceTree = "<group>"; };
		3BD0369429D2DB6B0072BCB8 /* ScoreboardViewController.swift */ = {isa = PBXFileReference; lastKnownFileType = sourcecode.swift; path = ScoreboardViewController.swift; sourceTree = "<group>"; };
		3BD0369729D2DB6B0072BCB8 /* Base */ = {isa = PBXFileReference; lastKnownFileType = file.storyboard; name = Base; path = Base.lproj/Main.storyboard; sourceTree = "<group>"; };
		3BD0369929D2DB6C0072BCB8 /* Assets.xcassets */ = {isa = PBXFileReference; lastKnownFileType = folder.assetcatalog; path = Assets.xcassets; sourceTree = "<group>"; };
		3BD0369C29D2DB6C0072BCB8 /* Base */ = {isa = PBXFileReference; lastKnownFileType = file.storyboard; name = Base; path = Base.lproj/LaunchScreen.storyboard; sourceTree = "<group>"; };
		3BD0369E29D2DB6C0072BCB8 /* Info.plist */ = {isa = PBXFileReference; lastKnownFileType = text.plist.xml; path = Info.plist; sourceTree = "<group>"; };
/* End PBXFileReference section */

/* Begin PBXFrameworksBuildPhase section */
		3BD0368A29D2DB6B0072BCB8 /* Frameworks */ = {
			isa = PBXFrameworksBuildPhase;
			buildActionMask = 2147483647;
			files = (
			);
			runOnlyForDeploymentPostprocessing = 0;
		};
/* End PBXFrameworksBuildPhase section */

/* Begin PBXGroup section */
		3BBE0FC729D56BD0009A0F9A /* ViewControllers */ = {
			isa = PBXGroup;
			children = (
				3BD0369429D2DB6B0072BCB8 /* ScoreboardViewController.swift */,
				3B89D86C29D43CF5002266A7 /* MovingButtonViewController.swift */,
				3B89D86E29D4432D002266A7 /* ResultViewController.swift */,
			);
			path = ViewControllers;
			sourceTree = "<group>";
		};
		3BD0368429D2DB6B0072BCB8 = {
			isa = PBXGroup;
			children = (
				3BD0368F29D2DB6B0072BCB8 /* MovingButtonExample */,
				3BD0368E29D2DB6B0072BCB8 /* Products */,
			);
			sourceTree = "<group>";
		};
		3BD0368E29D2DB6B0072BCB8 /* Products */ = {
			isa = PBXGroup;
			children = (
				3BD0368D29D2DB6B0072BCB8 /* MovingButtonExample.app */,
			);
			name = Products;
			sourceTree = "<group>";
		};
		3BD0368F29D2DB6B0072BCB8 /* MovingButtonExample */ = {
			isa = PBXGroup;
			children = (
				3BD0369029D2DB6B0072BCB8 /* AppDelegate.swift */,
				3BD0369229D2DB6B0072BCB8 /* SceneDelegate.swift */,
				3BBE0FC729D56BD0009A0F9A /* ViewControllers */,
				3B8B843C29D425010070DA2B /* ScoreTableViewCell.swift */,
				3B89D86829D43549002266A7 /* TimeManager.swift */,
				3B89D86A29D43574002266A7 /* CustomMovingButton.swift */,
				3BD0369629D2DB6B0072BCB8 /* Main.storyboard */,
				3BD0369929D2DB6C0072BCB8 /* Assets.xcassets */,
				3BD0369B29D2DB6C0072BCB8 /* LaunchScreen.storyboard */,
				3BD0369E29D2DB6C0072BCB8 /* Info.plist */,
				3BBE0FC529D4AA3B009A0F9A /* Vibur-Regular.ttf */,
			);
			path = MovingButtonExample;
			sourceTree = "<group>";
		};
/* End PBXGroup section */

/* Begin PBXNativeTarget section */
		3BD0368C29D2DB6B0072BCB8 /* MovingButtonExample */ = {
			isa = PBXNativeTarget;
			buildConfigurationList = 3BD036A129D2DB6C0072BCB8 /* Build configuration list for PBXNativeTarget "MovingButtonExample" */;
			buildPhases = (
				3BD0368929D2DB6B0072BCB8 /* Sources */,
				3BD0368A29D2DB6B0072BCB8 /* Frameworks */,
				3BD0368B29D2DB6B0072BCB8 /* Resources */,
			);
			buildRules = (
			);
			dependencies = (
			);
			name = MovingButtonExample;
			productName = MovingButtonExample;
			productReference = 3BD0368D29D2DB6B0072BCB8 /* MovingButtonExample.app */;
			productType = "com.apple.product-type.application";
		};
/* End PBXNativeTarget section */

/* Begin PBXProject section */
		3BD0368529D2DB6B0072BCB8 /* Project object */ = {
			isa = PBXProject;
			attributes = {
				BuildIndependentTargetsInParallel = 1;
				LastSwiftUpdateCheck = 1420;
				LastUpgradeCheck = 1420;
				TargetAttributes = {
					3BD0368C29D2DB6B0072BCB8 = {
						CreatedOnToolsVersion = 14.2;
					};
				};
			};
			buildConfigurationList = 3BD0368829D2DB6B0072BCB8 /* Build configuration list for PBXProject "MovingButtonExample" */;
			compatibilityVersion = "Xcode 14.0";
			developmentRegion = en;
			hasScannedForEncodings = 0;
			knownRegions = (
				en,
				Base,
			);
			mainGroup = 3BD0368429D2DB6B0072BCB8;
			productRefGroup = 3BD0368E29D2DB6B0072BCB8 /* Products */;
			projectDirPath = "";
			projectRoot = "";
			targets = (
				3BD0368C29D2DB6B0072BCB8 /* MovingButtonExample */,
			);
		};
/* End PBXProject section */

/* Begin PBXResourcesBuildPhase section */
		3BD0368B29D2DB6B0072BCB8 /* Resources */ = {
			isa = PBXResourcesBuildPhase;
			buildActionMask = 2147483647;
			files = (
				3BBE0FC629D4AA3B009A0F9A /* Vibur-Regular.ttf in Resources */,
				3BD0369D29D2DB6C0072BCB8 /* LaunchScreen.storyboard in Resources */,
				3BD0369A29D2DB6C0072BCB8 /* Assets.xcassets in Resources */,
				3BD0369829D2DB6B0072BCB8 /* Main.storyboard in Resources */,
			);
			runOnlyForDeploymentPostprocessing = 0;
		};
/* End PBXResourcesBuildPhase section */

/* Begin PBXSourcesBuildPhase section */
		3BD0368929D2DB6B0072BCB8 /* Sources */ = {
			isa = PBXSourcesBuildPhase;
			buildActionMask = 2147483647;
			files = (
				3B8B843D29D425010070DA2B /* ScoreTableViewCell.swift in Sources */,
				3BD0369529D2DB6B0072BCB8 /* ScoreboardViewController.swift in Sources */,
				3B89D86F29D4432D002266A7 /* ResultViewController.swift in Sources */,
				3B89D86B29D43574002266A7 /* CustomMovingButton.swift in Sources */,
				3B89D86929D43549002266A7 /* TimeManager.swift in Sources */,
				3B89D86D29D43CF5002266A7 /* MovingButtonViewController.swift in Sources */,
				3BD0369129D2DB6B0072BCB8 /* AppDelegate.swift in Sources */,
				3BD0369329D2DB6B0072BCB8 /* SceneDelegate.swift in Sources */,
			);
			runOnlyForDeploymentPostprocessing = 0;
		};
/* End PBXSourcesBuildPhase section */

/* Begin PBXVariantGroup section */
		3BD0369629D2DB6B0072BCB8 /* Main.storyboard */ = {
			isa = PBXVariantGroup;
			children = (
				3BD0369729D2DB6B0072BCB8 /* Base */,
			);
			name = Main.storyboard;
			sourceTree = "<group>";
		};
		3BD0369B29D2DB6C0072BCB8 /* LaunchScreen.storyboard */ = {
			isa = PBXVariantGroup;
			children = (
				3BD0369C29D2DB6C0072BCB8 /* Base */,
			);
			name = LaunchScreen.storyboard;
			sourceTree = "<group>";
		};
/* End PBXVariantGroup section */

/* Begin XCBuildConfiguration section */
		3BD0369F29D2DB6C0072BCB8 /* Debug */ = {
			isa = XCBuildConfiguration;
			buildSettings = {
				ALWAYS_SEARCH_USER_PATHS = NO;
				CLANG_ANALYZER_NONNULL = YES;
				CLANG_ANALYZER_NUMBER_OBJECT_CONVERSION = YES_AGGRESSIVE;
				CLANG_CXX_LANGUAGE_STANDARD = "gnu++20";
				CLANG_ENABLE_MODULES = YES;
				CLANG_ENABLE_OBJC_ARC = YES;
				CLANG_ENABLE_OBJC_WEAK = YES;
				CLANG_WARN_BLOCK_CAPTURE_AUTORELEASING = YES;
				CLANG_WARN_BOOL_CONVERSION = YES;
				CLANG_WARN_COMMA = YES;
				CLANG_WARN_CONSTANT_CONVERSION = YES;
				CLANG_WARN_DEPRECATED_OBJC_IMPLEMENTATIONS = YES;
				CLANG_WARN_DIRECT_OBJC_ISA_USAGE = YES_ERROR;
				CLANG_WARN_DOCUMENTATION_COMMENTS = YES;
				CLANG_WARN_EMPTY_BODY = YES;
				CLANG_WARN_ENUM_CONVERSION = YES;
				CLANG_WARN_INFINITE_RECURSION = YES;
				CLANG_WARN_INT_CONVERSION = YES;
				CLANG_WARN_NON_LITERAL_NULL_CONVERSION = YES;
				CLANG_WARN_OBJC_IMPLICIT_RETAIN_SELF = YES;
				CLANG_WARN_OBJC_LITERAL_CONVERSION = YES;
				CLANG_WARN_OBJC_ROOT_CLASS = YES_ERROR;
				CLANG_WARN_QUOTED_INCLUDE_IN_FRAMEWORK_HEADER = YES;
				CLANG_WARN_RANGE_LOOP_ANALYSIS = YES;
				CLANG_WARN_STRICT_PROTOTYPES = YES;
				CLANG_WARN_SUSPICIOUS_MOVE = YES;
				CLANG_WARN_UNGUARDED_AVAILABILITY = YES_AGGRESSIVE;
				CLANG_WARN_UNREACHABLE_CODE = YES;
				CLANG_WARN__DUPLICATE_METHOD_MATCH = YES;
				COPY_PHASE_STRIP = NO;
				DEBUG_INFORMATION_FORMAT = dwarf;
				ENABLE_STRICT_OBJC_MSGSEND = YES;
				ENABLE_TESTABILITY = YES;
				GCC_C_LANGUAGE_STANDARD = gnu11;
				GCC_DYNAMIC_NO_PIC = NO;
				GCC_NO_COMMON_BLOCKS = YES;
				GCC_OPTIMIZATION_LEVEL = 0;
				GCC_PREPROCESSOR_DEFINITIONS = (
					"DEBUG=1",
					"$(inherited)",
				);
				GCC_WARN_64_TO_32_BIT_CONVERSION = YES;
				GCC_WARN_ABOUT_RETURN_TYPE = YES_ERROR;
				GCC_WARN_UNDECLARED_SELECTOR = YES;
				GCC_WARN_UNINITIALIZED_AUTOS = YES_AGGRESSIVE;
				GCC_WARN_UNUSED_FUNCTION = YES;
				GCC_WARN_UNUSED_VARIABLE = YES;
				IPHONEOS_DEPLOYMENT_TARGET = 16.2;
				MTL_ENABLE_DEBUG_INFO = INCLUDE_SOURCE;
				MTL_FAST_MATH = YES;
				ONLY_ACTIVE_ARCH = YES;
				SDKROOT = iphoneos;
				SWIFT_ACTIVE_COMPILATION_CONDITIONS = DEBUG;
				SWIFT_OPTIMIZATION_LEVEL = "-Onone";
			};
			name = Debug;
		};
		3BD036A029D2DB6C0072BCB8 /* Release */ = {
			isa = XCBuildConfiguration;
			buildSettings = {
				ALWAYS_SEARCH_USER_PATHS = NO;
				CLANG_ANALYZER_NONNULL = YES;
				CLANG_ANALYZER_NUMBER_OBJECT_CONVERSION = YES_AGGRESSIVE;
				CLANG_CXX_LANGUAGE_STANDARD = "gnu++20";
				CLANG_ENABLE_MODULES = YES;
				CLANG_ENABLE_OBJC_ARC = YES;
				CLANG_ENABLE_OBJC_WEAK = YES;
				CLANG_WARN_BLOCK_CAPTURE_AUTORELEASING = YES;
				CLANG_WARN_BOOL_CONVERSION = YES;
				CLANG_WARN_COMMA = YES;
				CLANG_WARN_CONSTANT_CONVERSION = YES;
				CLANG_WARN_DEPRECATED_OBJC_IMPLEMENTATIONS = YES;
				CLANG_WARN_DIRECT_OBJC_ISA_USAGE = YES_ERROR;
				CLANG_WARN_DOCUMENTATION_COMMENTS = YES;
				CLANG_WARN_EMPTY_BODY = YES;
				CLANG_WARN_ENUM_CONVERSION = YES;
				CLANG_WARN_INFINITE_RECURSION = YES;
				CLANG_WARN_INT_CONVERSION = YES;
				CLANG_WARN_NON_LITERAL_NULL_CONVERSION = YES;
				CLANG_WARN_OBJC_IMPLICIT_RETAIN_SELF = YES;
				CLANG_WARN_OBJC_LITERAL_CONVERSION = YES;
				CLANG_WARN_OBJC_ROOT_CLASS = YES_ERROR;
				CLANG_WARN_QUOTED_INCLUDE_IN_FRAMEWORK_HEADER = YES;
				CLANG_WARN_RANGE_LOOP_ANALYSIS = YES;
				CLANG_WARN_STRICT_PROTOTYPES = YES;
				CLANG_WARN_SUSPICIOUS_MOVE = YES;
				CLANG_WARN_UNGUARDED_AVAILABILITY = YES_AGGRESSIVE;
				CLANG_WARN_UNREACHABLE_CODE = YES;
				CLANG_WARN__DUPLICATE_METHOD_MATCH = YES;
				COPY_PHASE_STRIP = NO;
				DEBUG_INFORMATION_FORMAT = "dwarf-with-dsym";
				ENABLE_NS_ASSERTIONS = NO;
				ENABLE_STRICT_OBJC_MSGSEND = YES;
				GCC_C_LANGUAGE_STANDARD = gnu11;
				GCC_NO_COMMON_BLOCKS = YES;
				GCC_WARN_64_TO_32_BIT_CONVERSION = YES;
				GCC_WARN_ABOUT_RETURN_TYPE = YES_ERROR;
				GCC_WARN_UNDECLARED_SELECTOR = YES;
				GCC_WARN_UNINITIALIZED_AUTOS = YES_AGGRESSIVE;
				GCC_WARN_UNUSED_FUNCTION = YES;
				GCC_WARN_UNUSED_VARIABLE = YES;
				IPHONEOS_DEPLOYMENT_TARGET = 16.2;
				MTL_ENABLE_DEBUG_INFO = NO;
				MTL_FAST_MATH = YES;
				SDKROOT = iphoneos;
				SWIFT_COMPILATION_MODE = wholemodule;
				SWIFT_OPTIMIZATION_LEVEL = "-O";
				VALIDATE_PRODUCT = YES;
			};
			name = Release;
		};
		3BD036A229D2DB6C0072BCB8 /* Debug */ = {
			isa = XCBuildConfiguration;
			buildSettings = {
				ASSETCATALOG_COMPILER_APPICON_NAME = AppIcon;
				ASSETCATALOG_COMPILER_GLOBAL_ACCENT_COLOR_NAME = AccentColor;
				CODE_SIGN_STYLE = Automatic;
				CURRENT_PROJECT_VERSION = 1;
				DEVELOPMENT_TEAM = Y5P2U42H49;
				GENERATE_INFOPLIST_FILE = YES;
				INFOPLIST_FILE = MovingButtonExample/Info.plist;
				INFOPLIST_KEY_UIApplicationSupportsIndirectInputEvents = YES;
				INFOPLIST_KEY_UILaunchStoryboardName = LaunchScreen;
				INFOPLIST_KEY_UIMainStoryboardFile = Main;
				INFOPLIST_KEY_UISupportedInterfaceOrientations_iPad = "UIInterfaceOrientationPortrait UIInterfaceOrientationPortraitUpsideDown UIInterfaceOrientationLandscapeLeft UIInterfaceOrientationLandscapeRight";
				INFOPLIST_KEY_UISupportedInterfaceOrientations_iPhone = "UIInterfaceOrientationPortrait UIInterfaceOrientationLandscapeLeft UIInterfaceOrientationLandscapeRight";
				LD_RUNPATH_SEARCH_PATHS = (
					"$(inherited)",
					"@executable_path/Frameworks",
				);
				MARKETING_VERSION = 1.0;
				PRODUCT_BUNDLE_IDENTIFIER = valerio.mosca.2022.MovingButtonExample;
				PRODUCT_NAME = "$(TARGET_NAME)";
				SWIFT_EMIT_LOC_STRINGS = YES;
				SWIFT_VERSION = 5.0;
				TARGETED_DEVICE_FAMILY = "1,2";
			};
			name = Debug;
		};
		3BD036A329D2DB6C0072BCB8 /* Release */ = {
			isa = XCBuildConfiguration;
			buildSettings = {
				ASSETCATALOG_COMPILER_APPICON_NAME = AppIcon;
				ASSETCATALOG_COMPILER_GLOBAL_ACCENT_COLOR_NAME = AccentColor;
				CODE_SIGN_STYLE = Automatic;
				CURRENT_PROJECT_VERSION = 1;
				DEVELOPMENT_TEAM = Y5P2U42H49;
				GENERATE_INFOPLIST_FILE = YES;
				INFOPLIST_FILE = MovingButtonExample/Info.plist;
				INFOPLIST_KEY_UIApplicationSupportsIndirectInputEvents = YES;
				INFOPLIST_KEY_UILaunchStoryboardName = LaunchScreen;
				INFOPLIST_KEY_UIMainStoryboardFile = Main;
				INFOPLIST_KEY_UISupportedInterfaceOrientations_iPad = "UIInterfaceOrientationPortrait UIInterfaceOrientationPortraitUpsideDown UIInterfaceOrientationLandscapeLeft UIInterfaceOrientationLandscapeRight";
				INFOPLIST_KEY_UISupportedInterfaceOrientations_iPhone = "UIInterfaceOrientationPortrait UIInterfaceOrientationLandscapeLeft UIInterfaceOrientationLandscapeRight";
				LD_RUNPATH_SEARCH_PATHS = (
					"$(inherited)",
					"@executable_path/Frameworks",
				);
				MARKETING_VERSION = 1.0;
				PRODUCT_BUNDLE_IDENTIFIER = valerio.mosca.2022.MovingButtonExample;
				PRODUCT_NAME = "$(TARGET_NAME)";
				SWIFT_EMIT_LOC_STRINGS = YES;
				SWIFT_VERSION = 5.0;
				TARGETED_DEVICE_FAMILY = "1,2";
			};
			name = Release;
		};
/* End XCBuildConfiguration section */

/* Begin XCConfigurationList section */
		3BD0368829D2DB6B0072BCB8 /* Build configuration list for PBXProject "MovingButtonExample" */ = {
			isa = XCConfigurationList;
			buildConfigurations = (
				3BD0369F29D2DB6C0072BCB8 /* Debug */,
				3BD036A029D2DB6C0072BCB8 /* Release */,
			);
			defaultConfigurationIsVisible = 0;
			defaultConfigurationName = Release;
		};
		3BD036A129D2DB6C0072BCB8 /* Build configuration list for PBXNativeTarget "MovingButtonExample" */ = {
			isa = XCConfigurationList;
			buildConfigurations = (
				3BD036A229D2DB6C0072BCB8 /* Debug */,
				3BD036A329D2DB6C0072BCB8 /* Release */,
			);
			defaultConfigurationIsVisible = 0;
			defaultConfigurationName = Release;
		};
/* End XCConfigurationList section */
	};
	rootObject = 3BD0368529D2DB6B0072BCB8 /* Project object */;
}
